// !$*UTF8*$!
{
	archiveVersion = 1;
	classes = {
	};
	objectVersion = 50;
	objects = {

/* Begin PBXBuildFile section */
		1C5F9ECB2320BD9900D41736 /* RepoListViewController.swift in Sources */ = {isa = PBXBuildFile; fileRef = 1C5F9ECA2320BD9900D41736 /* RepoListViewController.swift */; };
		1C5F9ECD2320BFD600D41736 /* RepoListViewController.xib in Resources */ = {isa = PBXBuildFile; fileRef = 1C5F9ECC2320BFD600D41736 /* RepoListViewController.xib */; };
		1C5F9ECF2320C5B900D41736 /* RepoListViewModel.swift in Sources */ = {isa = PBXBuildFile; fileRef = 1C5F9ECE2320C5B900D41736 /* RepoListViewModel.swift */; };
		1C5F9ED12320DB2800D41736 /* User.swift in Sources */ = {isa = PBXBuildFile; fileRef = 1C5F9ED02320DB2800D41736 /* User.swift */; };
		1C5F9ED3232104F100D41736 /* Repo.swift in Sources */ = {isa = PBXBuildFile; fileRef = 1C5F9ED2232104F100D41736 /* Repo.swift */; };
		1C5F9ED52321102A00D41736 /* RepoTableViewCell.swift in Sources */ = {isa = PBXBuildFile; fileRef = 1C5F9ED42321102A00D41736 /* RepoTableViewCell.swift */; };
		1CBA3C75231E569400050C5E /* AppDelegate.swift in Sources */ = {isa = PBXBuildFile; fileRef = 1CBA3C74231E569400050C5E /* AppDelegate.swift */; };
		1CBA3C77231E569400050C5E /* ViewController.swift in Sources */ = {isa = PBXBuildFile; fileRef = 1CBA3C76231E569400050C5E /* ViewController.swift */; };
		1CBA3C7A231E569400050C5E /* Main.storyboard in Resources */ = {isa = PBXBuildFile; fileRef = 1CBA3C78231E569400050C5E /* Main.storyboard */; };
		1CBA3C7C231E569600050C5E /* Assets.xcassets in Resources */ = {isa = PBXBuildFile; fileRef = 1CBA3C7B231E569600050C5E /* Assets.xcassets */; };
		1CBA3C7F231E569600050C5E /* LaunchScreen.storyboard in Resources */ = {isa = PBXBuildFile; fileRef = 1CBA3C7D231E569600050C5E /* LaunchScreen.storyboard */; };
		1CBA3C8A231E569600050C5E /* TimGitHubTests.swift in Sources */ = {isa = PBXBuildFile; fileRef = 1CBA3C89231E569600050C5E /* TimGitHubTests.swift */; };
		1CBA3C99231E603500050C5E /* OAuthService.swift in Sources */ = {isa = PBXBuildFile; fileRef = 1CBA3C98231E603500050C5E /* OAuthService.swift */; };
		1CBA3C9C231E6BD300050C5E /* NetworkSession.swift in Sources */ = {isa = PBXBuildFile; fileRef = 1CBA3C9B231E6BD300050C5E /* NetworkSession.swift */; };
		1CBA3C9F23208A7000050C5E /* OAuth.swift in Sources */ = {isa = PBXBuildFile; fileRef = 1CBA3C9E23208A7000050C5E /* OAuth.swift */; };
/* End PBXBuildFile section */

/* Begin PBXContainerItemProxy section */
		1CBA3C86231E569600050C5E /* PBXContainerItemProxy */ = {
			isa = PBXContainerItemProxy;
			containerPortal = 1CBA3C69231E569400050C5E /* Project object */;
			proxyType = 1;
			remoteGlobalIDString = 1CBA3C70231E569400050C5E;
			remoteInfo = TimGitHub;
		};
/* End PBXContainerItemProxy section */

/* Begin PBXFileReference section */
		1C5F9ECA2320BD9900D41736 /* RepoListViewController.swift */ = {isa = PBXFileReference; lastKnownFileType = sourcecode.swift; path = RepoListViewController.swift; sourceTree = "<group>"; };
		1C5F9ECC2320BFD600D41736 /* RepoListViewController.xib */ = {isa = PBXFileReference; lastKnownFileType = file.xib; path = RepoListViewController.xib; sourceTree = "<group>"; };
		1C5F9ECE2320C5B900D41736 /* RepoListViewModel.swift */ = {isa = PBXFileReference; lastKnownFileType = sourcecode.swift; path = RepoListViewModel.swift; sourceTree = "<group>"; };
		1C5F9ED02320DB2800D41736 /* User.swift */ = {isa = PBXFileReference; lastKnownFileType = sourcecode.swift; path = User.swift; sourceTree = "<group>"; };
		1C5F9ED2232104F100D41736 /* Repo.swift */ = {isa = PBXFileReference; lastKnownFileType = sourcecode.swift; path = Repo.swift; sourceTree = "<group>"; };
		1C5F9ED42321102A00D41736 /* RepoTableViewCell.swift */ = {isa = PBXFileReference; lastKnownFileType = sourcecode.swift; path = RepoTableViewCell.swift; sourceTree = "<group>"; };
		1CBA3C71231E569400050C5E /* TimGitHub.app */ = {isa = PBXFileReference; explicitFileType = wrapper.application; includeInIndex = 0; path = TimGitHub.app; sourceTree = BUILT_PRODUCTS_DIR; };
		1CBA3C74231E569400050C5E /* AppDelegate.swift */ = {isa = PBXFileReference; lastKnownFileType = sourcecode.swift; path = AppDelegate.swift; sourceTree = "<group>"; };
		1CBA3C76231E569400050C5E /* ViewController.swift */ = {isa = PBXFileReference; lastKnownFileType = sourcecode.swift; path = ViewController.swift; sourceTree = "<group>"; };
		1CBA3C79231E569400050C5E /* Base */ = {isa = PBXFileReference; lastKnownFileType = file.storyboard; name = Base; path = Base.lproj/Main.storyboard; sourceTree = "<group>"; };
		1CBA3C7B231E569600050C5E /* Assets.xcassets */ = {isa = PBXFileReference; lastKnownFileType = folder.assetcatalog; path = Assets.xcassets; sourceTree = "<group>"; };
		1CBA3C7E231E569600050C5E /* Base */ = {isa = PBXFileReference; lastKnownFileType = file.storyboard; name = Base; path = Base.lproj/LaunchScreen.storyboard; sourceTree = "<group>"; };
		1CBA3C80231E569600050C5E /* Info.plist */ = {isa = PBXFileReference; lastKnownFileType = text.plist.xml; path = Info.plist; sourceTree = "<group>"; };
		1CBA3C85231E569600050C5E /* TimGitHubTests.xctest */ = {isa = PBXFileReference; explicitFileType = wrapper.cfbundle; includeInIndex = 0; path = TimGitHubTests.xctest; sourceTree = BUILT_PRODUCTS_DIR; };
		1CBA3C89231E569600050C5E /* TimGitHubTests.swift */ = {isa = PBXFileReference; lastKnownFileType = sourcecode.swift; path = TimGitHubTests.swift; sourceTree = "<group>"; };
		1CBA3C8B231E569600050C5E /* Info.plist */ = {isa = PBXFileReference; lastKnownFileType = text.plist.xml; path = Info.plist; sourceTree = "<group>"; };
		1CBA3C98231E603500050C5E /* OAuthService.swift */ = {isa = PBXFileReference; lastKnownFileType = sourcecode.swift; path = OAuthService.swift; sourceTree = "<group>"; };
		1CBA3C9B231E6BD300050C5E /* NetworkSession.swift */ = {isa = PBXFileReference; lastKnownFileType = sourcecode.swift; path = NetworkSession.swift; sourceTree = "<group>"; };
		1CBA3C9E23208A7000050C5E /* OAuth.swift */ = {isa = PBXFileReference; lastKnownFileType = sourcecode.swift; path = OAuth.swift; sourceTree = "<group>"; };
/* End PBXFileReference section */

/* Begin PBXFrameworksBuildPhase section */
		1CBA3C6E231E569400050C5E /* Frameworks */ = {
			isa = PBXFrameworksBuildPhase;
			buildActionMask = 2147483647;
			files = (
			);
			runOnlyForDeploymentPostprocessing = 0;
		};
		1CBA3C82231E569600050C5E /* Frameworks */ = {
			isa = PBXFrameworksBuildPhase;
			buildActionMask = 2147483647;
			files = (
			);
			runOnlyForDeploymentPostprocessing = 0;
		};
/* End PBXFrameworksBuildPhase section */

/* Begin PBXGroup section */
		1C5F9EC82320BD6200D41736 /* UserFeatures */ = {
			isa = PBXGroup;
			children = (
				1C5F9EC92320BD8400D41736 /* RepoList */,
			);
			path = UserFeatures;
			sourceTree = "<group>";
		};
		1C5F9EC92320BD8400D41736 /* RepoList */ = {
			isa = PBXGroup;
			children = (
				1C5F9ECA2320BD9900D41736 /* RepoListViewController.swift */,
				1C5F9ECC2320BFD600D41736 /* RepoListViewController.xib */,
				1C5F9ECE2320C5B900D41736 /* RepoListViewModel.swift */,
				1C5F9ED42321102A00D41736 /* RepoTableViewCell.swift */,
			);
			path = RepoList;
			sourceTree = "<group>";
		};
		1CBA3C68231E569400050C5E = {
			isa = PBXGroup;
			children = (
				1CBA3C73231E569400050C5E /* TimGitHub */,
				1CBA3C88231E569600050C5E /* TimGitHubTests */,
				1CBA3C72231E569400050C5E /* Products */,
				7008B6C79B9C0CC6699D1EFF /* Pods */,
			);
			sourceTree = "<group>";
		};
		1CBA3C72231E569400050C5E /* Products */ = {
			isa = PBXGroup;
			children = (
				1CBA3C71231E569400050C5E /* TimGitHub.app */,
				1CBA3C85231E569600050C5E /* TimGitHubTests.xctest */,
			);
			name = Products;
			sourceTree = "<group>";
		};
		1CBA3C73231E569400050C5E /* TimGitHub */ = {
			isa = PBXGroup;
			children = (
				1C5F9EC82320BD6200D41736 /* UserFeatures */,
				1CBA3C9D23208A4000050C5E /* Models */,
				1CBA3C9A231E6BC600050C5E /* Network */,
				1CBA3C97231E602200050C5E /* Services */,
				1CBA3C74231E569400050C5E /* AppDelegate.swift */,
				1CBA3C76231E569400050C5E /* ViewController.swift */,
				1CBA3C78231E569400050C5E /* Main.storyboard */,
				1CBA3C7B231E569600050C5E /* Assets.xcassets */,
				1CBA3C7D231E569600050C5E /* LaunchScreen.storyboard */,
				1CBA3C80231E569600050C5E /* Info.plist */,
			);
			path = TimGitHub;
			sourceTree = "<group>";
		};
		1CBA3C88231E569600050C5E /* TimGitHubTests */ = {
			isa = PBXGroup;
			children = (
				1CBA3C89231E569600050C5E /* TimGitHubTests.swift */,
				1CBA3C8B231E569600050C5E /* Info.plist */,
			);
			path = TimGitHubTests;
			sourceTree = "<group>";
		};
		1CBA3C97231E602200050C5E /* Services */ = {
			isa = PBXGroup;
			children = (
				1CBA3C98231E603500050C5E /* OAuthService.swift */,
			);
			path = Services;
			sourceTree = "<group>";
		};
		1CBA3C9A231E6BC600050C5E /* Network */ = {
			isa = PBXGroup;
			children = (
				1CBA3C9B231E6BD300050C5E /* NetworkSession.swift */,
			);
			path = Network;
			sourceTree = "<group>";
		};
		1CBA3C9D23208A4000050C5E /* Models */ = {
			isa = PBXGroup;
			children = (
				1CBA3C9E23208A7000050C5E /* OAuth.swift */,
				1C5F9ED02320DB2800D41736 /* User.swift */,
				1C5F9ED2232104F100D41736 /* Repo.swift */,
			);
			path = Models;
			sourceTree = "<group>";
		};
		7008B6C79B9C0CC6699D1EFF /* Pods */ = {
			isa = PBXGroup;
			children = (
			);
			path = Pods;
			sourceTree = "<group>";
		};
/* End PBXGroup section */

/* Begin PBXNativeTarget section */
		1CBA3C70231E569400050C5E /* TimGitHub */ = {
			isa = PBXNativeTarget;
			buildConfigurationList = 1CBA3C8E231E569600050C5E /* Build configuration list for PBXNativeTarget "TimGitHub" */;
			buildPhases = (
				1CBA3C6D231E569400050C5E /* Sources */,
				1CBA3C6E231E569400050C5E /* Frameworks */,
				1CBA3C6F231E569400050C5E /* Resources */,
			);
			buildRules = (
			);
			dependencies = (
			);
			name = TimGitHub;
			productName = TimGitHub;
			productReference = 1CBA3C71231E569400050C5E /* TimGitHub.app */;
			productType = "com.apple.product-type.application";
		};
		1CBA3C84231E569600050C5E /* TimGitHubTests */ = {
			isa = PBXNativeTarget;
			buildConfigurationList = 1CBA3C91231E569600050C5E /* Build configuration list for PBXNativeTarget "TimGitHubTests" */;
			buildPhases = (
				1CBA3C81231E569600050C5E /* Sources */,
				1CBA3C82231E569600050C5E /* Frameworks */,
				1CBA3C83231E569600050C5E /* Resources */,
			);
			buildRules = (
			);
			dependencies = (
				1CBA3C87231E569600050C5E /* PBXTargetDependency */,
			);
			name = TimGitHubTests;
			productName = TimGitHubTests;
			productReference = 1CBA3C85231E569600050C5E /* TimGitHubTests.xctest */;
			productType = "com.apple.product-type.bundle.unit-test";
		};
/* End PBXNativeTarget section */

/* Begin PBXProject section */
		1CBA3C69231E569400050C5E /* Project object */ = {
			isa = PBXProject;
			attributes = {
				LastSwiftUpdateCheck = 1030;
				LastUpgradeCheck = 1030;
				ORGANIZATIONNAME = Timothy;
				TargetAttributes = {
					1CBA3C70231E569400050C5E = {
						CreatedOnToolsVersion = 10.3;
					};
					1CBA3C84231E569600050C5E = {
						CreatedOnToolsVersion = 10.3;
						TestTargetID = 1CBA3C70231E569400050C5E;
					};
				};
			};
			buildConfigurationList = 1CBA3C6C231E569400050C5E /* Build configuration list for PBXProject "TimGitHub" */;
			compatibilityVersion = "Xcode 9.3";
			developmentRegion = en;
			hasScannedForEncodings = 0;
			knownRegions = (
				en,
				Base,
			);
			mainGroup = 1CBA3C68231E569400050C5E;
			productRefGroup = 1CBA3C72231E569400050C5E /* Products */;
			projectDirPath = "";
			projectRoot = "";
			targets = (
				1CBA3C70231E569400050C5E /* TimGitHub */,
				1CBA3C84231E569600050C5E /* TimGitHubTests */,
			);
		};
/* End PBXProject section */

/* Begin PBXResourcesBuildPhase section */
		1CBA3C6F231E569400050C5E /* Resources */ = {
			isa = PBXResourcesBuildPhase;
			buildActionMask = 2147483647;
			files = (
				1C5F9ECD2320BFD600D41736 /* RepoListViewController.xib in Resources */,
				1CBA3C7F231E569600050C5E /* LaunchScreen.storyboard in Resources */,
				1CBA3C7C231E569600050C5E /* Assets.xcassets in Resources */,
				1CBA3C7A231E569400050C5E /* Main.storyboard in Resources */,
			);
			runOnlyForDeploymentPostprocessing = 0;
		};
		1CBA3C83231E569600050C5E /* Resources */ = {
			isa = PBXResourcesBuildPhase;
			buildActionMask = 2147483647;
			files = (
			);
			runOnlyForDeploymentPostprocessing = 0;
		};
/* End PBXResourcesBuildPhase section */

/* Begin PBXSourcesBuildPhase section */
		1CBA3C6D231E569400050C5E /* Sources */ = {
			isa = PBXSourcesBuildPhase;
			buildActionMask = 2147483647;
			files = (
				1CBA3C99231E603500050C5E /* OAuthService.swift in Sources */,
				1CBA3C9C231E6BD300050C5E /* NetworkSession.swift in Sources */,
				1CBA3C77231E569400050C5E /* ViewController.swift in Sources */,
				1C5F9ED52321102A00D41736 /* RepoTableViewCell.swift in Sources */,
				1C5F9ED3232104F100D41736 /* Repo.swift in Sources */,
				1C5F9ECF2320C5B900D41736 /* RepoListViewModel.swift in Sources */,
				1C5F9ED12320DB2800D41736 /* User.swift in Sources */,
				1CBA3C9F23208A7000050C5E /* OAuth.swift in Sources */,
				1C5F9ECB2320BD9900D41736 /* RepoListViewController.swift in Sources */,
				1CBA3C75231E569400050C5E /* AppDelegate.swift in Sources */,
			);
			runOnlyForDeploymentPostprocessing = 0;
		};
		1CBA3C81231E569600050C5E /* Sources */ = {
			isa = PBXSourcesBuildPhase;
			buildActionMask = 2147483647;
			files = (
				1CBA3C8A231E569600050C5E /* TimGitHubTests.swift in Sources */,
			);
			runOnlyForDeploymentPostprocessing = 0;
		};
/* End PBXSourcesBuildPhase section */

/* Begin PBXTargetDependency section */
		1CBA3C87231E569600050C5E /* PBXTargetDependency */ = {
			isa = PBXTargetDependency;
			target = 1CBA3C70231E569400050C5E /* TimGitHub */;
			targetProxy = 1CBA3C86231E569600050C5E /* PBXContainerItemProxy */;
		};
/* End PBXTargetDependency section */

/* Begin PBXVariantGroup section */
		1CBA3C78231E569400050C5E /* Main.storyboard */ = {
			isa = PBXVariantGroup;
			children = (
				1CBA3C79231E569400050C5E /* Base */,
			);
			name = Main.storyboard;
			sourceTree = "<group>";
		};
		1CBA3C7D231E569600050C5E /* LaunchScreen.storyboard */ = {
			isa = PBXVariantGroup;
			children = (
				1CBA3C7E231E569600050C5E /* Base */,
			);
			name = LaunchScreen.storyboard;
			sourceTree = "<group>";
		};
/* End PBXVariantGroup section */

/* Begin XCBuildConfiguration section */
		1CBA3C8C231E569600050C5E /* Debug */ = {
			isa = XCBuildConfiguration;
			buildSettings = {
				ALWAYS_SEARCH_USER_PATHS = NO;
				CLANG_ANALYZER_NONNULL = YES;
				CLANG_ANALYZER_NUMBER_OBJECT_CONVERSION = YES_AGGRESSIVE;
				CLANG_CXX_LANGUAGE_STANDARD = "gnu++14";
				CLANG_CXX_LIBRARY = "libc++";
				CLANG_ENABLE_MODULES = YES;
				CLANG_ENABLE_OBJC_ARC = YES;
				CLANG_ENABLE_OBJC_WEAK = YES;
				CLANG_WARN_BLOCK_CAPTURE_AUTORELEASING = YES;
				CLANG_WARN_BOOL_CONVERSION = YES;
				CLANG_WARN_COMMA = YES;
				CLANG_WARN_CONSTANT_CONVERSION = YES;
				CLANG_WARN_DEPRECATED_OBJC_IMPLEMENTATIONS = YES;
				CLANG_WARN_DIRECT_OBJC_ISA_USAGE = YES_ERROR;
				CLANG_WARN_DOCUMENTATION_COMMENTS = YES;
				CLANG_WARN_EMPTY_BODY = YES;
				CLANG_WARN_ENUM_CONVERSION = YES;
				CLANG_WARN_INFINITE_RECURSION = YES;
				CLANG_WARN_INT_CONVERSION = YES;
				CLANG_WARN_NON_LITERAL_NULL_CONVERSION = YES;
				CLANG_WARN_OBJC_IMPLICIT_RETAIN_SELF = YES;
				CLANG_WARN_OBJC_LITERAL_CONVERSION = YES;
				CLANG_WARN_OBJC_ROOT_CLASS = YES_ERROR;
				CLANG_WARN_RANGE_LOOP_ANALYSIS = YES;
				CLANG_WARN_STRICT_PROTOTYPES = YES;
				CLANG_WARN_SUSPICIOUS_MOVE = YES;
				CLANG_WARN_UNGUARDED_AVAILABILITY = YES_AGGRESSIVE;
				CLANG_WARN_UNREACHABLE_CODE = YES;
				CLANG_WARN__DUPLICATE_METHOD_MATCH = YES;
				CODE_SIGN_IDENTITY = "iPhone Developer";
				COPY_PHASE_STRIP = NO;
				DEBUG_INFORMATION_FORMAT = dwarf;
				ENABLE_STRICT_OBJC_MSGSEND = YES;
				ENABLE_TESTABILITY = YES;
				GCC_C_LANGUAGE_STANDARD = gnu11;
				GCC_DYNAMIC_NO_PIC = NO;
				GCC_NO_COMMON_BLOCKS = YES;
				GCC_OPTIMIZATION_LEVEL = 0;
				GCC_PREPROCESSOR_DEFINITIONS = (
					"DEBUG=1",
					"$(inherited)",
				);
				GCC_WARN_64_TO_32_BIT_CONVERSION = YES;
				GCC_WARN_ABOUT_RETURN_TYPE = YES_ERROR;
				GCC_WARN_UNDECLARED_SELECTOR = YES;
				GCC_WARN_UNINITIALIZED_AUTOS = YES_AGGRESSIVE;
				GCC_WARN_UNUSED_FUNCTION = YES;
				GCC_WARN_UNUSED_VARIABLE = YES;
				IPHONEOS_DEPLOYMENT_TARGET = 12.4;
				MTL_ENABLE_DEBUG_INFO = INCLUDE_SOURCE;
				MTL_FAST_MATH = YES;
				ONLY_ACTIVE_ARCH = YES;
				SDKROOT = iphoneos;
				SWIFT_ACTIVE_COMPILATION_CONDITIONS = DEBUG;
				SWIFT_OPTIMIZATION_LEVEL = "-Onone";
			};
			name = Debug;
		};
		1CBA3C8D231E569600050C5E /* Release */ = {
			isa = XCBuildConfiguration;
			buildSettings = {
				ALWAYS_SEARCH_USER_PATHS = NO;
				CLANG_ANALYZER_NONNULL = YES;
				CLANG_ANALYZER_NUMBER_OBJECT_CONVERSION = YES_AGGRESSIVE;
				CLANG_CXX_LANGUAGE_STANDARD = "gnu++14";
				CLANG_CXX_LIBRARY = "libc++";
				CLANG_ENABLE_MODULES = YES;
				CLANG_ENABLE_OBJC_ARC = YES;
				CLANG_ENABLE_OBJC_WEAK = YES;
				CLANG_WARN_BLOCK_CAPTURE_AUTORELEASING = YES;
				CLANG_WARN_BOOL_CONVERSION = YES;
				CLANG_WARN_COMMA = YES;
				CLANG_WARN_CONSTANT_CONVERSION = YES;
				CLANG_WARN_DEPRECATED_OBJC_IMPLEMENTATIONS = YES;
				CLANG_WARN_DIRECT_OBJC_ISA_USAGE = YES_ERROR;
				CLANG_WARN_DOCUMENTATION_COMMENTS = YES;
				CLANG_WARN_EMPTY_BODY = YES;
				CLANG_WARN_ENUM_CONVERSION = YES;
				CLANG_WARN_INFINITE_RECURSION = YES;
				CLANG_WARN_INT_CONVERSION = YES;
				CLANG_WARN_NON_LITERAL_NULL_CONVERSION = YES;
				CLANG_WARN_OBJC_IMPLICIT_RETAIN_SELF = YES;
				CLANG_WARN_OBJC_LITERAL_CONVERSION = YES;
				CLANG_WARN_OBJC_ROOT_CLASS = YES_ERROR;
				CLANG_WARN_RANGE_LOOP_ANALYSIS = YES;
				CLANG_WARN_STRICT_PROTOTYPES = YES;
				CLANG_WARN_SUSPICIOUS_MOVE = YES;
				CLANG_WARN_UNGUARDED_AVAILABILITY = YES_AGGRESSIVE;
				CLANG_WARN_UNREACHABLE_CODE = YES;
				CLANG_WARN__DUPLICATE_METHOD_MATCH = YES;
				CODE_SIGN_IDENTITY = "iPhone Developer";
				COPY_PHASE_STRIP = NO;
				DEBUG_INFORMATION_FORMAT = "dwarf-with-dsym";
				ENABLE_NS_ASSERTIONS = NO;
				ENABLE_STRICT_OBJC_MSGSEND = YES;
				GCC_C_LANGUAGE_STANDARD = gnu11;
				GCC_NO_COMMON_BLOCKS = YES;
				GCC_WARN_64_TO_32_BIT_CONVERSION = YES;
				GCC_WARN_ABOUT_RETURN_TYPE = YES_ERROR;
				GCC_WARN_UNDECLARED_SELECTOR = YES;
				GCC_WARN_UNINITIALIZED_AUTOS = YES_AGGRESSIVE;
				GCC_WARN_UNUSED_FUNCTION = YES;
				GCC_WARN_UNUSED_VARIABLE = YES;
				IPHONEOS_DEPLOYMENT_TARGET = 12.4;
				MTL_ENABLE_DEBUG_INFO = NO;
				MTL_FAST_MATH = YES;
				SDKROOT = iphoneos;
				SWIFT_COMPILATION_MODE = wholemodule;
				SWIFT_OPTIMIZATION_LEVEL = "-O";
				VALIDATE_PRODUCT = YES;
			};
			name = Release;
		};
		1CBA3C8F231E569600050C5E /* Debug */ = {
			isa = XCBuildConfiguration;
			buildSettings = {
				ASSETCATALOG_COMPILER_APPICON_NAME = AppIcon;
				CODE_SIGN_STYLE = Automatic;
				DEVELOPMENT_TEAM = A46DUJ3DE9;
				INFOPLIST_FILE = TimGitHub/Info.plist;
				LD_RUNPATH_SEARCH_PATHS = (
					"$(inherited)",
					"@executable_path/Frameworks",
				);
				PRODUCT_BUNDLE_IDENTIFIER = localhost.TimGitHub;
				PRODUCT_NAME = "$(TARGET_NAME)";
				SWIFT_VERSION = 5.0;
				TARGETED_DEVICE_FAMILY = "1,2";
			};
			name = Debug;
		};
		1CBA3C90231E569600050C5E /* Release */ = {
			isa = XCBuildConfiguration;
			buildSettings = {
				ASSETCATALOG_COMPILER_APPICON_NAME = AppIcon;
				CODE_SIGN_STYLE = Automatic;
				DEVELOPMENT_TEAM = A46DUJ3DE9;
				INFOPLIST_FILE = TimGitHub/Info.plist;
				LD_RUNPATH_SEARCH_PATHS = (
					"$(inherited)",
					"@executable_path/Frameworks",
				);
				PRODUCT_BUNDLE_IDENTIFIER = localhost.TimGitHub;
				PRODUCT_NAME = "$(TARGET_NAME)";
				SWIFT_VERSION = 5.0;
				TARGETED_DEVICE_FAMILY = "1,2";
			};
			name = Release;
		};
		1CBA3C92231E569600050C5E /* Debug */ = {
			isa = XCBuildConfiguration;
			buildSettings = {
				ALWAYS_EMBED_SWIFT_STANDARD_LIBRARIES = YES;
				BUNDLE_LOADER = "$(TEST_HOST)";
				CODE_SIGN_STYLE = Automatic;
				DEVELOPMENT_TEAM = A46DUJ3DE9;
				INFOPLIST_FILE = TimGitHubTests/Info.plist;
				LD_RUNPATH_SEARCH_PATHS = (
					"$(inherited)",
					"@executable_path/Frameworks",
					"@loader_path/Frameworks",
				);
				PRODUCT_BUNDLE_IDENTIFIER = localhost.TimGitHubTests;
				PRODUCT_NAME = "$(TARGET_NAME)";
				SWIFT_VERSION = 5.0;
				TARGETED_DEVICE_FAMILY = "1,2";
				TEST_HOST = "$(BUILT_PRODUCTS_DIR)/TimGitHub.app/TimGitHub";
			};
			name = Debug;
		};
		1CBA3C93231E569600050C5E /* Release */ = {
			isa = XCBuildConfiguration;
			buildSettings = {
				ALWAYS_EMBED_SWIFT_STANDARD_LIBRARIES = YES;
				BUNDLE_LOADER = "$(TEST_HOST)";
				CODE_SIGN_STYLE = Automatic;
				DEVELOPMENT_TEAM = A46DUJ3DE9;
				INFOPLIST_FILE = TimGitHubTests/Info.plist;
				LD_RUNPATH_SEARCH_PATHS = (
					"$(inherited)",
					"@executable_path/Frameworks",
					"@loader_path/Frameworks",
				);
				PRODUCT_BUNDLE_IDENTIFIER = localhost.TimGitHubTests;
				PRODUCT_NAME = "$(TARGET_NAME)";
				SWIFT_VERSION = 5.0;
				TARGETED_DEVICE_FAMILY = "1,2";
				TEST_HOST = "$(BUILT_PRODUCTS_DIR)/TimGitHub.app/TimGitHub";
			};
			name = Release;
		};
/* End XCBuildConfiguration section */

/* Begin XCConfigurationList section */
		1CBA3C6C231E569400050C5E /* Build configuration list for PBXProject "TimGitHub" */ = {
			isa = XCConfigurationList;
			buildConfigurations = (
				1CBA3C8C231E569600050C5E /* Debug */,
				1CBA3C8D231E569600050C5E /* Release */,
			);
			defaultConfigurationIsVisible = 0;
			defaultConfigurationName = Release;
		};
		1CBA3C8E231E569600050C5E /* Build configuration list for PBXNativeTarget "TimGitHub" */ = {
			isa = XCConfigurationList;
			buildConfigurations = (
				1CBA3C8F231E569600050C5E /* Debug */,
				1CBA3C90231E569600050C5E /* Release */,
			);
			defaultConfigurationIsVisible = 0;
			defaultConfigurationName = Release;
		};
		1CBA3C91231E569600050C5E /* Build configuration list for PBXNativeTarget "TimGitHubTests" */ = {
			isa = XCConfigurationList;
			buildConfigurations = (
				1CBA3C92231E569600050C5E /* Debug */,
				1CBA3C93231E569600050C5E /* Release */,
			);
			defaultConfigurationIsVisible = 0;
			defaultConfigurationName = Release;
		};
/* End XCConfigurationList section */
	};
	rootObject = 1CBA3C69231E569400050C5E /* Project object */;
}
